// !$*UTF8*$!
{
	archiveVersion = 1;
	classes = {
	};
	objectVersion = 55;
	objects = {

/* Begin PBXBuildFile section */
		24108ECD280A333200BD4CAB /* iDomoticzApp.swift in Sources */ = {isa = PBXBuildFile; fileRef = 24108ECC280A333200BD4CAB /* iDomoticzApp.swift */; };
		24108ECF280A333200BD4CAB /* ScenesView.swift in Sources */ = {isa = PBXBuildFile; fileRef = 24108ECE280A333200BD4CAB /* ScenesView.swift */; };
		24108ED1280A333500BD4CAB /* Assets.xcassets in Resources */ = {isa = PBXBuildFile; fileRef = 24108ED0280A333500BD4CAB /* Assets.xcassets */; };
		24108ED4280A333500BD4CAB /* Preview Assets.xcassets in Resources */ = {isa = PBXBuildFile; fileRef = 24108ED3280A333500BD4CAB /* Preview Assets.xcassets */; };
		24108ED6280A333500BD4CAB /* Persistence.swift in Sources */ = {isa = PBXBuildFile; fileRef = 24108ED5280A333500BD4CAB /* Persistence.swift */; };
		24108ED9280A333500BD4CAB /* iDomoticz.xcdatamodeld in Sources */ = {isa = PBXBuildFile; fileRef = 24108ED7280A333500BD4CAB /* iDomoticz.xcdatamodeld */; };
		24108EE3280A333500BD4CAB /* iDomoticzTests.swift in Sources */ = {isa = PBXBuildFile; fileRef = 24108EE2280A333500BD4CAB /* iDomoticzTests.swift */; };
		24108EED280A333500BD4CAB /* iDomoticzUITests.swift in Sources */ = {isa = PBXBuildFile; fileRef = 24108EEC280A333500BD4CAB /* iDomoticzUITests.swift */; };
		24108EEF280A333500BD4CAB /* iDomoticzUITestsLaunchTests.swift in Sources */ = {isa = PBXBuildFile; fileRef = 24108EEE280A333500BD4CAB /* iDomoticzUITestsLaunchTests.swift */; };
		2414C536282081190044F709 /* MainView.swift in Sources */ = {isa = PBXBuildFile; fileRef = 2414C535282081190044F709 /* MainView.swift */; };
		2414C538282081D80044F709 /* RoomsView.swift in Sources */ = {isa = PBXBuildFile; fileRef = 2414C537282081D80044F709 /* RoomsView.swift */; };
		2414C53A282092700044F709 /* Rooms.swift in Sources */ = {isa = PBXBuildFile; fileRef = 2414C539282092700044F709 /* Rooms.swift */; };
		2414C53D2820959F0044F709 /* DomoticzData.swift in Sources */ = {isa = PBXBuildFile; fileRef = 2414C53C2820959F0044F709 /* DomoticzData.swift */; };
		2414C53F2821D0310044F709 /* Lights.swift in Sources */ = {isa = PBXBuildFile; fileRef = 2414C53E2821D0310044F709 /* Lights.swift */; };
		2414C5412821E6F60044F709 /* FavoritesView.swift in Sources */ = {isa = PBXBuildFile; fileRef = 2414C5402821E6F60044F709 /* FavoritesView.swift */; };
		2414C543282486480044F709 /* Settings.bundle in Resources */ = {isa = PBXBuildFile; fileRef = 2414C542282486480044F709 /* Settings.bundle */; };
		241E496D280B6AE50018ED42 /* Scenes.swift in Sources */ = {isa = PBXBuildFile; fileRef = 241E496C280B6AE50018ED42 /* Scenes.swift */; };
		2426E6B3283444E200C513AF /* Assets.xcassets in Resources */ = {isa = PBXBuildFile; fileRef = 2426E6B2283444E200C513AF /* Assets.xcassets */; };
		2426E6B6283444E200C513AF /* Preview Assets.xcassets in Resources */ = {isa = PBXBuildFile; fileRef = 2426E6B5283444E200C513AF /* Preview Assets.xcassets */; };
		2426E6C1283444E200C513AF /* iDomoticz_MacTests.swift in Sources */ = {isa = PBXBuildFile; fileRef = 2426E6C0283444E200C513AF /* iDomoticz_MacTests.swift */; };
		2426E6CB283444E200C513AF /* iDomoticz_MacUITests.swift in Sources */ = {isa = PBXBuildFile; fileRef = 2426E6CA283444E200C513AF /* iDomoticz_MacUITests.swift */; };
		2426E6CD283444E200C513AF /* iDomoticz_MacUITestsLaunchTests.swift in Sources */ = {isa = PBXBuildFile; fileRef = 2426E6CC283444E200C513AF /* iDomoticz_MacUITestsLaunchTests.swift */; };
		2426E6D72834468F00C513AF /* iDomoticz_MacApp.swift in Sources */ = {isa = PBXBuildFile; fileRef = 2426E6AE283444E100C513AF /* iDomoticz_MacApp.swift */; };
		2426E6D82834470E00C513AF /* Rooms.swift in Sources */ = {isa = PBXBuildFile; fileRef = 2414C539282092700044F709 /* Rooms.swift */; };
		2426E6D92834470E00C513AF /* Scenes.swift in Sources */ = {isa = PBXBuildFile; fileRef = 241E496C280B6AE50018ED42 /* Scenes.swift */; };
		2426E6DA2834470E00C513AF /* DomoticzData.swift in Sources */ = {isa = PBXBuildFile; fileRef = 2414C53C2820959F0044F709 /* DomoticzData.swift */; };
		2426E6DB2834470E00C513AF /* Lights.swift in Sources */ = {isa = PBXBuildFile; fileRef = 2414C53E2821D0310044F709 /* Lights.swift */; };
		2426E6DC2834470E00C513AF /* ScenesView.swift in Sources */ = {isa = PBXBuildFile; fileRef = 24108ECE280A333200BD4CAB /* ScenesView.swift */; };
		2426E6DD2834470E00C513AF /* MainView.swift in Sources */ = {isa = PBXBuildFile; fileRef = 2414C535282081190044F709 /* MainView.swift */; };
		2426E6DE2834470E00C513AF /* RoomsView.swift in Sources */ = {isa = PBXBuildFile; fileRef = 2414C537282081D80044F709 /* RoomsView.swift */; };
		2426E6DF2834470E00C513AF /* FavoritesView.swift in Sources */ = {isa = PBXBuildFile; fileRef = 2414C5402821E6F60044F709 /* FavoritesView.swift */; };
		2426E6E02834470E00C513AF /* LightsView.swift in Sources */ = {isa = PBXBuildFile; fileRef = 24F875522829C0E100B82D4C /* LightsView.swift */; };
		2426E6E12834470E00C513AF /* SettingsView.swift in Sources */ = {isa = PBXBuildFile; fileRef = 24F87554282AF3DD00B82D4C /* SettingsView.swift */; };
		2426E6E9283447AA00C513AF /* iOSDomoticzApp.swift in Sources */ = {isa = PBXBuildFile; fileRef = 2426E6E8283447AA00C513AF /* iOSDomoticzApp.swift */; };
		2426E6ED283447AA00C513AF /* Assets.xcassets in Resources */ = {isa = PBXBuildFile; fileRef = 2426E6EC283447AA00C513AF /* Assets.xcassets */; };
		2426E6F0283447AA00C513AF /* Preview Assets.xcassets in Resources */ = {isa = PBXBuildFile; fileRef = 2426E6EF283447AA00C513AF /* Preview Assets.xcassets */; };
		2426E6FA283447AA00C513AF /* iOSDomoticzTests.swift in Sources */ = {isa = PBXBuildFile; fileRef = 2426E6F9283447AA00C513AF /* iOSDomoticzTests.swift */; };
		2426E704283447AA00C513AF /* iOSDomoticzUITests.swift in Sources */ = {isa = PBXBuildFile; fileRef = 2426E703283447AA00C513AF /* iOSDomoticzUITests.swift */; };
		2426E706283447AA00C513AF /* iOSDomoticzUITestsLaunchTests.swift in Sources */ = {isa = PBXBuildFile; fileRef = 2426E705283447AA00C513AF /* iOSDomoticzUITestsLaunchTests.swift */; };
		2426E710283448C300C513AF /* Rooms.swift in Sources */ = {isa = PBXBuildFile; fileRef = 2414C539282092700044F709 /* Rooms.swift */; };
		2426E711283448C300C513AF /* Scenes.swift in Sources */ = {isa = PBXBuildFile; fileRef = 241E496C280B6AE50018ED42 /* Scenes.swift */; };
		2426E712283448C300C513AF /* DomoticzData.swift in Sources */ = {isa = PBXBuildFile; fileRef = 2414C53C2820959F0044F709 /* DomoticzData.swift */; };
		2426E713283448C300C513AF /* Lights.swift in Sources */ = {isa = PBXBuildFile; fileRef = 2414C53E2821D0310044F709 /* Lights.swift */; };
		2426E714283448C300C513AF /* ScenesView.swift in Sources */ = {isa = PBXBuildFile; fileRef = 24108ECE280A333200BD4CAB /* ScenesView.swift */; };
		2426E715283448C300C513AF /* MainView.swift in Sources */ = {isa = PBXBuildFile; fileRef = 2414C535282081190044F709 /* MainView.swift */; };
		2426E716283448C300C513AF /* RoomsView.swift in Sources */ = {isa = PBXBuildFile; fileRef = 2414C537282081D80044F709 /* RoomsView.swift */; };
		2426E717283448C300C513AF /* FavoritesView.swift in Sources */ = {isa = PBXBuildFile; fileRef = 2414C5402821E6F60044F709 /* FavoritesView.swift */; };
		2426E718283448C300C513AF /* LightsView.swift in Sources */ = {isa = PBXBuildFile; fileRef = 24F875522829C0E100B82D4C /* LightsView.swift */; };
		2426E71A283448C300C513AF /* SettingsView.swift in Sources */ = {isa = PBXBuildFile; fileRef = 24F87554282AF3DD00B82D4C /* SettingsView.swift */; };
		2426E71B2834494D00C513AF /* Settings.bundle in Resources */ = {isa = PBXBuildFile; fileRef = 2414C542282486480044F709 /* Settings.bundle */; };
		249DF5F3283E902900D52F6E /* Settings.bundle in Resources */ = {isa = PBXBuildFile; fileRef = 2414C542282486480044F709 /* Settings.bundle */; };
		24AB9C892844E5A40043FDEA /* TestView.swift in Sources */ = {isa = PBXBuildFile; fileRef = 24AB9C882844E5A40043FDEA /* TestView.swift */; };
		24AB9C8A2844E5A40043FDEA /* TestView.swift in Sources */ = {isa = PBXBuildFile; fileRef = 24AB9C882844E5A40043FDEA /* TestView.swift */; };
		24AB9C8B2844E5A40043FDEA /* TestView.swift in Sources */ = {isa = PBXBuildFile; fileRef = 24AB9C882844E5A40043FDEA /* TestView.swift */; };
		24AB9C8D284789A10043FDEA /* Common.swift in Sources */ = {isa = PBXBuildFile; fileRef = 24AB9C8C284789A10043FDEA /* Common.swift */; };
		24AB9C8E284789A10043FDEA /* Common.swift in Sources */ = {isa = PBXBuildFile; fileRef = 24AB9C8C284789A10043FDEA /* Common.swift */; };
		24AB9C8F284789A10043FDEA /* Common.swift in Sources */ = {isa = PBXBuildFile; fileRef = 24AB9C8C284789A10043FDEA /* Common.swift */; };
		24AB9C91284798860043FDEA /* Common.xcassets in Resources */ = {isa = PBXBuildFile; fileRef = 24AB9C90284798860043FDEA /* Common.xcassets */; };
		24AB9C92284798860043FDEA /* Common.xcassets in Resources */ = {isa = PBXBuildFile; fileRef = 24AB9C90284798860043FDEA /* Common.xcassets */; };
		24AB9C93284798860043FDEA /* Common.xcassets in Resources */ = {isa = PBXBuildFile; fileRef = 24AB9C90284798860043FDEA /* Common.xcassets */; };
		24B103BA28551EC60092F56C /* MQTTNIO in Frameworks */ = {isa = PBXBuildFile; productRef = 24B103B928551EC60092F56C /* MQTTNIO */; };
		24B58CC128526F3500A1F9E4 /* MQTT.swift in Sources */ = {isa = PBXBuildFile; fileRef = 24B58CC028526F3500A1F9E4 /* MQTT.swift */; };
		24B58CC228526F3500A1F9E4 /* MQTT.swift in Sources */ = {isa = PBXBuildFile; fileRef = 24B58CC028526F3500A1F9E4 /* MQTT.swift */; };
		24B58CC328526F3500A1F9E4 /* MQTT.swift in Sources */ = {isa = PBXBuildFile; fileRef = 24B58CC028526F3500A1F9E4 /* MQTT.swift */; };
		24B58CC62852702200A1F9E4 /* MQTTNIO in Frameworks */ = {isa = PBXBuildFile; productRef = 24B58CC52852702200A1F9E4 /* MQTTNIO */; };
		24B58CC8285291C500A1F9E4 /* Settings.swift in Sources */ = {isa = PBXBuildFile; fileRef = 24B58CC7285291C500A1F9E4 /* Settings.swift */; };
		24B58CC9285291C500A1F9E4 /* Settings.swift in Sources */ = {isa = PBXBuildFile; fileRef = 24B58CC7285291C500A1F9E4 /* Settings.swift */; };
		24B58CCA285291C500A1F9E4 /* Settings.swift in Sources */ = {isa = PBXBuildFile; fileRef = 24B58CC7285291C500A1F9E4 /* Settings.swift */; };
		24F875532829C0E100B82D4C /* LightsView.swift in Sources */ = {isa = PBXBuildFile; fileRef = 24F875522829C0E100B82D4C /* LightsView.swift */; };
		24F87555282AF3DD00B82D4C /* SettingsView.swift in Sources */ = {isa = PBXBuildFile; fileRef = 24F87554282AF3DD00B82D4C /* SettingsView.swift */; };
/* End PBXBuildFile section */

/* Begin PBXContainerItemProxy section */
		24108EDF280A333500BD4CAB /* PBXContainerItemProxy */ = {
			isa = PBXContainerItemProxy;
			containerPortal = 24108EC1280A333200BD4CAB /* Project object */;
			proxyType = 1;
			remoteGlobalIDString = 24108EC8280A333200BD4CAB;
			remoteInfo = iDomoticz;
		};
		24108EE9280A333500BD4CAB /* PBXContainerItemProxy */ = {
			isa = PBXContainerItemProxy;
			containerPortal = 24108EC1280A333200BD4CAB /* Project object */;
			proxyType = 1;
			remoteGlobalIDString = 24108EC8280A333200BD4CAB;
			remoteInfo = iDomoticz;
		};
		2426E6BD283444E200C513AF /* PBXContainerItemProxy */ = {
			isa = PBXContainerItemProxy;
			containerPortal = 24108EC1280A333200BD4CAB /* Project object */;
			proxyType = 1;
			remoteGlobalIDString = 2426E6AB283444E100C513AF;
			remoteInfo = "iDomoticz-Mac";
		};
		2426E6C7283444E200C513AF /* PBXContainerItemProxy */ = {
			isa = PBXContainerItemProxy;
			containerPortal = 24108EC1280A333200BD4CAB /* Project object */;
			proxyType = 1;
			remoteGlobalIDString = 2426E6AB283444E100C513AF;
			remoteInfo = "iDomoticz-Mac";
		};
		2426E6F6283447AA00C513AF /* PBXContainerItemProxy */ = {
			isa = PBXContainerItemProxy;
			containerPortal = 24108EC1280A333200BD4CAB /* Project object */;
			proxyType = 1;
			remoteGlobalIDString = 2426E6E5283447A900C513AF;
			remoteInfo = iOSDomoticz;
		};
		2426E700283447AA00C513AF /* PBXContainerItemProxy */ = {
			isa = PBXContainerItemProxy;
			containerPortal = 24108EC1280A333200BD4CAB /* Project object */;
			proxyType = 1;
			remoteGlobalIDString = 2426E6E5283447A900C513AF;
			remoteInfo = iOSDomoticz;
		};
/* End PBXContainerItemProxy section */

/* Begin PBXFileReference section */
		24108EC9280A333200BD4CAB /* tvDomoticz.app */ = {isa = PBXFileReference; explicitFileType = wrapper.application; includeInIndex = 0; path = tvDomoticz.app; sourceTree = BUILT_PRODUCTS_DIR; };
		24108ECC280A333200BD4CAB /* iDomoticzApp.swift */ = {isa = PBXFileReference; lastKnownFileType = sourcecode.swift; path = iDomoticzApp.swift; sourceTree = "<group>"; };
		24108ECE280A333200BD4CAB /* ScenesView.swift */ = {isa = PBXFileReference; lastKnownFileType = sourcecode.swift; path = ScenesView.swift; sourceTree = "<group>"; };
		24108ED0280A333500BD4CAB /* Assets.xcassets */ = {isa = PBXFileReference; lastKnownFileType = folder.assetcatalog; path = Assets.xcassets; sourceTree = "<group>"; };
		24108ED3280A333500BD4CAB /* Preview Assets.xcassets */ = {isa = PBXFileReference; lastKnownFileType = folder.assetcatalog; path = "Preview Assets.xcassets"; sourceTree = "<group>"; };
		24108ED5280A333500BD4CAB /* Persistence.swift */ = {isa = PBXFileReference; lastKnownFileType = sourcecode.swift; path = Persistence.swift; sourceTree = "<group>"; };
		24108ED8280A333500BD4CAB /* iDomoticz.xcdatamodel */ = {isa = PBXFileReference; lastKnownFileType = wrapper.xcdatamodel; path = iDomoticz.xcdatamodel; sourceTree = "<group>"; };
		24108EDE280A333500BD4CAB /* iDomoticzTests.xctest */ = {isa = PBXFileReference; explicitFileType = wrapper.cfbundle; includeInIndex = 0; path = iDomoticzTests.xctest; sourceTree = BUILT_PRODUCTS_DIR; };
		24108EE2280A333500BD4CAB /* iDomoticzTests.swift */ = {isa = PBXFileReference; lastKnownFileType = sourcecode.swift; path = iDomoticzTests.swift; sourceTree = "<group>"; };
		24108EE8280A333500BD4CAB /* iDomoticzUITests.xctest */ = {isa = PBXFileReference; explicitFileType = wrapper.cfbundle; includeInIndex = 0; path = iDomoticzUITests.xctest; sourceTree = BUILT_PRODUCTS_DIR; };
		24108EEC280A333500BD4CAB /* iDomoticzUITests.swift */ = {isa = PBXFileReference; lastKnownFileType = sourcecode.swift; path = iDomoticzUITests.swift; sourceTree = "<group>"; };
		24108EEE280A333500BD4CAB /* iDomoticzUITestsLaunchTests.swift */ = {isa = PBXFileReference; lastKnownFileType = sourcecode.swift; path = iDomoticzUITestsLaunchTests.swift; sourceTree = "<group>"; };
		2414C535282081190044F709 /* MainView.swift */ = {isa = PBXFileReference; lastKnownFileType = sourcecode.swift; path = MainView.swift; sourceTree = "<group>"; };
		2414C537282081D80044F709 /* RoomsView.swift */ = {isa = PBXFileReference; lastKnownFileType = sourcecode.swift; path = RoomsView.swift; sourceTree = "<group>"; };
		2414C539282092700044F709 /* Rooms.swift */ = {isa = PBXFileReference; lastKnownFileType = sourcecode.swift; path = Rooms.swift; sourceTree = "<group>"; };
		2414C53C2820959F0044F709 /* DomoticzData.swift */ = {isa = PBXFileReference; lastKnownFileType = sourcecode.swift; path = DomoticzData.swift; sourceTree = "<group>"; };
		2414C53E2821D0310044F709 /* Lights.swift */ = {isa = PBXFileReference; lastKnownFileType = sourcecode.swift; path = Lights.swift; sourceTree = "<group>"; };
		2414C5402821E6F60044F709 /* FavoritesView.swift */ = {isa = PBXFileReference; lastKnownFileType = sourcecode.swift; path = FavoritesView.swift; sourceTree = "<group>"; };
		2414C542282486480044F709 /* Settings.bundle */ = {isa = PBXFileReference; lastKnownFileType = "wrapper.plug-in"; path = Settings.bundle; sourceTree = "<group>"; };
		241E496C280B6AE50018ED42 /* Scenes.swift */ = {isa = PBXFileReference; lastKnownFileType = sourcecode.swift; path = Scenes.swift; sourceTree = "<group>"; };
		2426E6AC283444E100C513AF /* macDomoticz.app */ = {isa = PBXFileReference; explicitFileType = wrapper.application; includeInIndex = 0; path = macDomoticz.app; sourceTree = BUILT_PRODUCTS_DIR; };
		2426E6AE283444E100C513AF /* iDomoticz_MacApp.swift */ = {isa = PBXFileReference; lastKnownFileType = sourcecode.swift; path = iDomoticz_MacApp.swift; sourceTree = "<group>"; };
		2426E6B2283444E200C513AF /* Assets.xcassets */ = {isa = PBXFileReference; lastKnownFileType = folder.assetcatalog; path = Assets.xcassets; sourceTree = "<group>"; };
		2426E6B5283444E200C513AF /* Preview Assets.xcassets */ = {isa = PBXFileReference; lastKnownFileType = folder.assetcatalog; path = "Preview Assets.xcassets"; sourceTree = "<group>"; };
		2426E6B7283444E200C513AF /* iDomoticz_Mac.entitlements */ = {isa = PBXFileReference; lastKnownFileType = text.plist.entitlements; path = iDomoticz_Mac.entitlements; sourceTree = "<group>"; };
		2426E6BC283444E200C513AF /* iDomoticz-MacTests.xctest */ = {isa = PBXFileReference; explicitFileType = wrapper.cfbundle; includeInIndex = 0; path = "iDomoticz-MacTests.xctest"; sourceTree = BUILT_PRODUCTS_DIR; };
		2426E6C0283444E200C513AF /* iDomoticz_MacTests.swift */ = {isa = PBXFileReference; lastKnownFileType = sourcecode.swift; path = iDomoticz_MacTests.swift; sourceTree = "<group>"; };
		2426E6C6283444E200C513AF /* iDomoticz-MacUITests.xctest */ = {isa = PBXFileReference; explicitFileType = wrapper.cfbundle; includeInIndex = 0; path = "iDomoticz-MacUITests.xctest"; sourceTree = BUILT_PRODUCTS_DIR; };
		2426E6CA283444E200C513AF /* iDomoticz_MacUITests.swift */ = {isa = PBXFileReference; lastKnownFileType = sourcecode.swift; path = iDomoticz_MacUITests.swift; sourceTree = "<group>"; };
		2426E6CC283444E200C513AF /* iDomoticz_MacUITestsLaunchTests.swift */ = {isa = PBXFileReference; lastKnownFileType = sourcecode.swift; path = iDomoticz_MacUITestsLaunchTests.swift; sourceTree = "<group>"; };
		2426E6E6283447A900C513AF /* iOSDomoticz.app */ = {isa = PBXFileReference; explicitFileType = wrapper.application; includeInIndex = 0; path = iOSDomoticz.app; sourceTree = BUILT_PRODUCTS_DIR; };
		2426E6E8283447AA00C513AF /* iOSDomoticzApp.swift */ = {isa = PBXFileReference; lastKnownFileType = sourcecode.swift; path = iOSDomoticzApp.swift; sourceTree = "<group>"; };
		2426E6EA283447AA00C513AF /* ContentView.swift */ = {isa = PBXFileReference; lastKnownFileType = sourcecode.swift; path = ContentView.swift; sourceTree = "<group>"; };
		2426E6EC283447AA00C513AF /* Assets.xcassets */ = {isa = PBXFileReference; lastKnownFileType = folder.assetcatalog; path = Assets.xcassets; sourceTree = "<group>"; };
		2426E6EF283447AA00C513AF /* Preview Assets.xcassets */ = {isa = PBXFileReference; lastKnownFileType = folder.assetcatalog; path = "Preview Assets.xcassets"; sourceTree = "<group>"; };
		2426E6F5283447AA00C513AF /* iOSDomoticzTests.xctest */ = {isa = PBXFileReference; explicitFileType = wrapper.cfbundle; includeInIndex = 0; path = iOSDomoticzTests.xctest; sourceTree = BUILT_PRODUCTS_DIR; };
		2426E6F9283447AA00C513AF /* iOSDomoticzTests.swift */ = {isa = PBXFileReference; lastKnownFileType = sourcecode.swift; path = iOSDomoticzTests.swift; sourceTree = "<group>"; };
		2426E6FF283447AA00C513AF /* iOSDomoticzUITests.xctest */ = {isa = PBXFileReference; explicitFileType = wrapper.cfbundle; includeInIndex = 0; path = iOSDomoticzUITests.xctest; sourceTree = BUILT_PRODUCTS_DIR; };
		2426E703283447AA00C513AF /* iOSDomoticzUITests.swift */ = {isa = PBXFileReference; lastKnownFileType = sourcecode.swift; path = iOSDomoticzUITests.swift; sourceTree = "<group>"; };
		2426E705283447AA00C513AF /* iOSDomoticzUITestsLaunchTests.swift */ = {isa = PBXFileReference; lastKnownFileType = sourcecode.swift; path = iOSDomoticzUITestsLaunchTests.swift; sourceTree = "<group>"; };
		24AB9C882844E5A40043FDEA /* TestView.swift */ = {isa = PBXFileReference; lastKnownFileType = sourcecode.swift; path = TestView.swift; sourceTree = "<group>"; };
		24AB9C8C284789A10043FDEA /* Common.swift */ = {isa = PBXFileReference; lastKnownFileType = sourcecode.swift; path = Common.swift; sourceTree = "<group>"; };
		24AB9C90284798860043FDEA /* Common.xcassets */ = {isa = PBXFileReference; lastKnownFileType = folder.assetcatalog; path = Common.xcassets; sourceTree = "<group>"; };
		24B58CBF28526D7300A1F9E4 /* mqtt-nio */ = {isa = PBXFileReference; lastKnownFileType = wrapper; name = "mqtt-nio"; path = "../mqtt-nio"; sourceTree = "<group>"; };
		24B58CC028526F3500A1F9E4 /* MQTT.swift */ = {isa = PBXFileReference; lastKnownFileType = sourcecode.swift; path = MQTT.swift; sourceTree = "<group>"; };
		24B58CC7285291C500A1F9E4 /* Settings.swift */ = {isa = PBXFileReference; lastKnownFileType = sourcecode.swift; path = Settings.swift; sourceTree = "<group>"; };
		24F875522829C0E100B82D4C /* LightsView.swift */ = {isa = PBXFileReference; lastKnownFileType = sourcecode.swift; path = LightsView.swift; sourceTree = "<group>"; };
		24F87554282AF3DD00B82D4C /* SettingsView.swift */ = {isa = PBXFileReference; lastKnownFileType = sourcecode.swift; path = SettingsView.swift; sourceTree = "<group>"; };
/* End PBXFileReference section */

/* Begin PBXFrameworksBuildPhase section */
		24108EC6280A333200BD4CAB /* Frameworks */ = {
			isa = PBXFrameworksBuildPhase;
			buildActionMask = 2147483647;
			files = (
				24B58CC62852702200A1F9E4 /* MQTTNIO in Frameworks */,
			);
			runOnlyForDeploymentPostprocessing = 0;
		};
		24108EDB280A333500BD4CAB /* Frameworks */ = {
			isa = PBXFrameworksBuildPhase;
			buildActionMask = 2147483647;
			files = (
			);
			runOnlyForDeploymentPostprocessing = 0;
		};
		24108EE5280A333500BD4CAB /* Frameworks */ = {
			isa = PBXFrameworksBuildPhase;
			buildActionMask = 2147483647;
			files = (
			);
			runOnlyForDeploymentPostprocessing = 0;
		};
		2426E6A9283444E100C513AF /* Frameworks */ = {
			isa = PBXFrameworksBuildPhase;
			buildActionMask = 2147483647;
			files = (
			);
			runOnlyForDeploymentPostprocessing = 0;
		};
		2426E6B9283444E200C513AF /* Frameworks */ = {
			isa = PBXFrameworksBuildPhase;
			buildActionMask = 2147483647;
			files = (
			);
			runOnlyForDeploymentPostprocessing = 0;
		};
		2426E6C3283444E200C513AF /* Frameworks */ = {
			isa = PBXFrameworksBuildPhase;
			buildActionMask = 2147483647;
			files = (
			);
			runOnlyForDeploymentPostprocessing = 0;
		};
		2426E6E3283447A900C513AF /* Frameworks */ = {
			isa = PBXFrameworksBuildPhase;
			buildActionMask = 2147483647;
			files = (
				24B103BA28551EC60092F56C /* MQTTNIO in Frameworks */,
			);
			runOnlyForDeploymentPostprocessing = 0;
		};
		2426E6F2283447AA00C513AF /* Frameworks */ = {
			isa = PBXFrameworksBuildPhase;
			buildActionMask = 2147483647;
			files = (
			);
			runOnlyForDeploymentPostprocessing = 0;
		};
		2426E6FC283447AA00C513AF /* Frameworks */ = {
			isa = PBXFrameworksBuildPhase;
			buildActionMask = 2147483647;
			files = (
			);
			runOnlyForDeploymentPostprocessing = 0;
		};
/* End PBXFrameworksBuildPhase section */

/* Begin PBXGroup section */
		24108EC0280A333200BD4CAB = {
			isa = PBXGroup;
			children = (
				24B58CBE28526D7300A1F9E4 /* Packages */,
				24A4F40A28353A3A00E557E2 /* Tests */,
				2426E6AD283444E100C513AF /* macDomoticz */,
				2426E6E7283447AA00C513AF /* iOSDomoticz */,
				24A4F409283533F600E557E2 /* tvDomoticz */,
				24108ECB280A333200BD4CAB /* iDomoticz */,
				24108ECA280A333200BD4CAB /* Products */,
				24B58CC42852702200A1F9E4 /* Frameworks */,
			);
			sourceTree = "<group>";
		};
		24108ECA280A333200BD4CAB /* Products */ = {
			isa = PBXGroup;
			children = (
				24108EC9280A333200BD4CAB /* tvDomoticz.app */,
				24108EDE280A333500BD4CAB /* iDomoticzTests.xctest */,
				24108EE8280A333500BD4CAB /* iDomoticzUITests.xctest */,
				2426E6AC283444E100C513AF /* macDomoticz.app */,
				2426E6BC283444E200C513AF /* iDomoticz-MacTests.xctest */,
				2426E6C6283444E200C513AF /* iDomoticz-MacUITests.xctest */,
				2426E6E6283447A900C513AF /* iOSDomoticz.app */,
				2426E6F5283447AA00C513AF /* iOSDomoticzTests.xctest */,
				2426E6FF283447AA00C513AF /* iOSDomoticzUITests.xctest */,
			);
			name = Products;
			sourceTree = "<group>";
		};
		24108ECB280A333200BD4CAB /* iDomoticz */ = {
			isa = PBXGroup;
			children = (
				2414C53B282095690044F709 /* DomoticzData */,
				24108ECE280A333200BD4CAB /* ScenesView.swift */,
				24108ED5280A333500BD4CAB /* Persistence.swift */,
				24108ED7280A333500BD4CAB /* iDomoticz.xcdatamodeld */,
				24108ED2280A333500BD4CAB /* Preview Content */,
				2414C535282081190044F709 /* MainView.swift */,
				2414C537282081D80044F709 /* RoomsView.swift */,
				2414C5402821E6F60044F709 /* FavoritesView.swift */,
				24F875522829C0E100B82D4C /* LightsView.swift */,
				2414C542282486480044F709 /* Settings.bundle */,
				24F87554282AF3DD00B82D4C /* SettingsView.swift */,
				24AB9C882844E5A40043FDEA /* TestView.swift */,
				24AB9C8C284789A10043FDEA /* Common.swift */,
				24AB9C90284798860043FDEA /* Common.xcassets */,
			);
			path = iDomoticz;
			sourceTree = "<group>";
		};
		24108ED2280A333500BD4CAB /* Preview Content */ = {
			isa = PBXGroup;
			children = (
				24108ED3280A333500BD4CAB /* Preview Assets.xcassets */,
			);
			path = "Preview Content";
			sourceTree = "<group>";
		};
		24108EE1280A333500BD4CAB /* iDomoticzTests */ = {
			isa = PBXGroup;
			children = (
				24108EE2280A333500BD4CAB /* iDomoticzTests.swift */,
			);
			path = iDomoticzTests;
			sourceTree = "<group>";
		};
		24108EEB280A333500BD4CAB /* iDomoticzUITests */ = {
			isa = PBXGroup;
			children = (
				24108EEC280A333500BD4CAB /* iDomoticzUITests.swift */,
				24108EEE280A333500BD4CAB /* iDomoticzUITestsLaunchTests.swift */,
			);
			path = iDomoticzUITests;
			sourceTree = "<group>";
		};
		2414C53B282095690044F709 /* DomoticzData */ = {
			isa = PBXGroup;
			children = (
				2414C539282092700044F709 /* Rooms.swift */,
				241E496C280B6AE50018ED42 /* Scenes.swift */,
				2414C53C2820959F0044F709 /* DomoticzData.swift */,
				2414C53E2821D0310044F709 /* Lights.swift */,
				24B58CC028526F3500A1F9E4 /* MQTT.swift */,
				24B58CC7285291C500A1F9E4 /* Settings.swift */,
			);
			path = DomoticzData;
			sourceTree = "<group>";
		};
		2426E6AD283444E100C513AF /* macDomoticz */ = {
			isa = PBXGroup;
			children = (
				2426E6AE283444E100C513AF /* iDomoticz_MacApp.swift */,
				2426E6B2283444E200C513AF /* Assets.xcassets */,
				2426E6B7283444E200C513AF /* iDomoticz_Mac.entitlements */,
				2426E6B4283444E200C513AF /* Preview Content */,
			);
			path = macDomoticz;
			sourceTree = "<group>";
		};
		2426E6B4283444E200C513AF /* Preview Content */ = {
			isa = PBXGroup;
			children = (
				2426E6B5283444E200C513AF /* Preview Assets.xcassets */,
			);
			path = "Preview Content";
			sourceTree = "<group>";
		};
		2426E6BF283444E200C513AF /* iDomoticz-MacTests */ = {
			isa = PBXGroup;
			children = (
				2426E6C0283444E200C513AF /* iDomoticz_MacTests.swift */,
			);
			path = "iDomoticz-MacTests";
			sourceTree = "<group>";
		};
		2426E6C9283444E200C513AF /* iDomoticz-MacUITests */ = {
			isa = PBXGroup;
			children = (
				2426E6CA283444E200C513AF /* iDomoticz_MacUITests.swift */,
				2426E6CC283444E200C513AF /* iDomoticz_MacUITestsLaunchTests.swift */,
			);
			path = "iDomoticz-MacUITests";
			sourceTree = "<group>";
		};
		2426E6E7283447AA00C513AF /* iOSDomoticz */ = {
			isa = PBXGroup;
			children = (
				2426E6E8283447AA00C513AF /* iOSDomoticzApp.swift */,
				2426E6EA283447AA00C513AF /* ContentView.swift */,
				2426E6EC283447AA00C513AF /* Assets.xcassets */,
				2426E6EE283447AA00C513AF /* Preview Content */,
			);
			path = iOSDomoticz;
			sourceTree = "<group>";
		};
		2426E6EE283447AA00C513AF /* Preview Content */ = {
			isa = PBXGroup;
			children = (
				2426E6EF283447AA00C513AF /* Preview Assets.xcassets */,
			);
			path = "Preview Content";
			sourceTree = "<group>";
		};
		2426E6F8283447AA00C513AF /* iOSDomoticzTests */ = {
			isa = PBXGroup;
			children = (
				2426E6F9283447AA00C513AF /* iOSDomoticzTests.swift */,
			);
			path = iOSDomoticzTests;
			sourceTree = "<group>";
		};
		2426E702283447AA00C513AF /* iOSDomoticzUITests */ = {
			isa = PBXGroup;
			children = (
				2426E703283447AA00C513AF /* iOSDomoticzUITests.swift */,
				2426E705283447AA00C513AF /* iOSDomoticzUITestsLaunchTests.swift */,
			);
			path = iOSDomoticzUITests;
			sourceTree = "<group>";
		};
		24A4F409283533F600E557E2 /* tvDomoticz */ = {
			isa = PBXGroup;
			children = (
				24108ED0280A333500BD4CAB /* Assets.xcassets */,
				24108ECC280A333200BD4CAB /* iDomoticzApp.swift */,
			);
			path = tvDomoticz;
			sourceTree = "<group>";
		};
		24A4F40A28353A3A00E557E2 /* Tests */ = {
			isa = PBXGroup;
			children = (
				24108EE1280A333500BD4CAB /* iDomoticzTests */,
				24108EEB280A333500BD4CAB /* iDomoticzUITests */,
				2426E6BF283444E200C513AF /* iDomoticz-MacTests */,
				2426E6C9283444E200C513AF /* iDomoticz-MacUITests */,
				2426E6F8283447AA00C513AF /* iOSDomoticzTests */,
				2426E702283447AA00C513AF /* iOSDomoticzUITests */,
			);
			path = Tests;
			sourceTree = "<group>";
		};
		24B58CBE28526D7300A1F9E4 /* Packages */ = {
			isa = PBXGroup;
			children = (
				24B58CBF28526D7300A1F9E4 /* mqtt-nio */,
			);
			name = Packages;
			sourceTree = "<group>";
		};
		24B58CC42852702200A1F9E4 /* Frameworks */ = {
			isa = PBXGroup;
			children = (
			);
			name = Frameworks;
			sourceTree = "<group>";
		};
/* End PBXGroup section */

/* Begin PBXNativeTarget section */
		24108EC8280A333200BD4CAB /* tvDomoticz */ = {
			isa = PBXNativeTarget;
			buildConfigurationList = 24108EF2280A333500BD4CAB /* Build configuration list for PBXNativeTarget "tvDomoticz" */;
			buildPhases = (
				24108EC5280A333200BD4CAB /* Sources */,
				24108EC6280A333200BD4CAB /* Frameworks */,
				24108EC7280A333200BD4CAB /* Resources */,
			);
			buildRules = (
			);
			dependencies = (
			);
			name = tvDomoticz;
			packageProductDependencies = (
				24B58CC52852702200A1F9E4 /* MQTTNIO */,
			);
			productName = iDomoticz;
			productReference = 24108EC9280A333200BD4CAB /* tvDomoticz.app */;
			productType = "com.apple.product-type.application";
		};
		24108EDD280A333500BD4CAB /* iDomoticzTests */ = {
			isa = PBXNativeTarget;
			buildConfigurationList = 24108EF5280A333500BD4CAB /* Build configuration list for PBXNativeTarget "iDomoticzTests" */;
			buildPhases = (
				24108EDA280A333500BD4CAB /* Sources */,
				24108EDB280A333500BD4CAB /* Frameworks */,
				24108EDC280A333500BD4CAB /* Resources */,
			);
			buildRules = (
			);
			dependencies = (
				24108EE0280A333500BD4CAB /* PBXTargetDependency */,
			);
			name = iDomoticzTests;
			productName = iDomoticzTests;
			productReference = 24108EDE280A333500BD4CAB /* iDomoticzTests.xctest */;
			productType = "com.apple.product-type.bundle.unit-test";
		};
		24108EE7280A333500BD4CAB /* iDomoticzUITests */ = {
			isa = PBXNativeTarget;
			buildConfigurationList = 24108EF8280A333500BD4CAB /* Build configuration list for PBXNativeTarget "iDomoticzUITests" */;
			buildPhases = (
				24108EE4280A333500BD4CAB /* Sources */,
				24108EE5280A333500BD4CAB /* Frameworks */,
				24108EE6280A333500BD4CAB /* Resources */,
			);
			buildRules = (
			);
			dependencies = (
				24108EEA280A333500BD4CAB /* PBXTargetDependency */,
			);
			name = iDomoticzUITests;
			productName = iDomoticzUITests;
			productReference = 24108EE8280A333500BD4CAB /* iDomoticzUITests.xctest */;
			productType = "com.apple.product-type.bundle.ui-testing";
		};
		2426E6AB283444E100C513AF /* macDomoticz */ = {
			isa = PBXNativeTarget;
			buildConfigurationList = 2426E6CE283444E200C513AF /* Build configuration list for PBXNativeTarget "macDomoticz" */;
			buildPhases = (
				2426E6A8283444E100C513AF /* Sources */,
				2426E6A9283444E100C513AF /* Frameworks */,
				2426E6AA283444E100C513AF /* Resources */,
			);
			buildRules = (
			);
			dependencies = (
			);
			name = macDomoticz;
			productName = "iDomoticz-Mac";
			productReference = 2426E6AC283444E100C513AF /* macDomoticz.app */;
			productType = "com.apple.product-type.application";
		};
		2426E6BB283444E200C513AF /* iDomoticz-MacTests */ = {
			isa = PBXNativeTarget;
			buildConfigurationList = 2426E6D1283444E200C513AF /* Build configuration list for PBXNativeTarget "iDomoticz-MacTests" */;
			buildPhases = (
				2426E6B8283444E200C513AF /* Sources */,
				2426E6B9283444E200C513AF /* Frameworks */,
				2426E6BA283444E200C513AF /* Resources */,
			);
			buildRules = (
			);
			dependencies = (
				2426E6BE283444E200C513AF /* PBXTargetDependency */,
			);
			name = "iDomoticz-MacTests";
			productName = "iDomoticz-MacTests";
			productReference = 2426E6BC283444E200C513AF /* iDomoticz-MacTests.xctest */;
			productType = "com.apple.product-type.bundle.unit-test";
		};
		2426E6C5283444E200C513AF /* iDomoticz-MacUITests */ = {
			isa = PBXNativeTarget;
			buildConfigurationList = 2426E6D4283444E200C513AF /* Build configuration list for PBXNativeTarget "iDomoticz-MacUITests" */;
			buildPhases = (
				2426E6C2283444E200C513AF /* Sources */,
				2426E6C3283444E200C513AF /* Frameworks */,
				2426E6C4283444E200C513AF /* Resources */,
			);
			buildRules = (
			);
			dependencies = (
				2426E6C8283444E200C513AF /* PBXTargetDependency */,
			);
			name = "iDomoticz-MacUITests";
			productName = "iDomoticz-MacUITests";
			productReference = 2426E6C6283444E200C513AF /* iDomoticz-MacUITests.xctest */;
			productType = "com.apple.product-type.bundle.ui-testing";
		};
		2426E6E5283447A900C513AF /* iOSDomoticz */ = {
			isa = PBXNativeTarget;
			buildConfigurationList = 2426E707283447AA00C513AF /* Build configuration list for PBXNativeTarget "iOSDomoticz" */;
			buildPhases = (
				2426E6E2283447A900C513AF /* Sources */,
				2426E6E3283447A900C513AF /* Frameworks */,
				2426E6E4283447A900C513AF /* Resources */,
			);
			buildRules = (
			);
			dependencies = (
			);
			name = iOSDomoticz;
			packageProductDependencies = (
				24B103B928551EC60092F56C /* MQTTNIO */,
			);
			productName = iOSDomoticz;
			productReference = 2426E6E6283447A900C513AF /* iOSDomoticz.app */;
			productType = "com.apple.product-type.application";
		};
		2426E6F4283447AA00C513AF /* iOSDomoticzTests */ = {
			isa = PBXNativeTarget;
			buildConfigurationList = 2426E70A283447AA00C513AF /* Build configuration list for PBXNativeTarget "iOSDomoticzTests" */;
			buildPhases = (
				2426E6F1283447AA00C513AF /* Sources */,
				2426E6F2283447AA00C513AF /* Frameworks */,
				2426E6F3283447AA00C513AF /* Resources */,
			);
			buildRules = (
			);
			dependencies = (
				2426E6F7283447AA00C513AF /* PBXTargetDependency */,
			);
			name = iOSDomoticzTests;
			productName = iOSDomoticzTests;
			productReference = 2426E6F5283447AA00C513AF /* iOSDomoticzTests.xctest */;
			productType = "com.apple.product-type.bundle.unit-test";
		};
		2426E6FE283447AA00C513AF /* iOSDomoticzUITests */ = {
			isa = PBXNativeTarget;
			buildConfigurationList = 2426E70D283447AA00C513AF /* Build configuration list for PBXNativeTarget "iOSDomoticzUITests" */;
			buildPhases = (
				2426E6FB283447AA00C513AF /* Sources */,
				2426E6FC283447AA00C513AF /* Frameworks */,
				2426E6FD283447AA00C513AF /* Resources */,
			);
			buildRules = (
			);
			dependencies = (
				2426E701283447AA00C513AF /* PBXTargetDependency */,
			);
			name = iOSDomoticzUITests;
			productName = iOSDomoticzUITests;
			productReference = 2426E6FF283447AA00C513AF /* iOSDomoticzUITests.xctest */;
			productType = "com.apple.product-type.bundle.ui-testing";
		};
/* End PBXNativeTarget section */

/* Begin PBXProject section */
		24108EC1280A333200BD4CAB /* Project object */ = {
			isa = PBXProject;
			attributes = {
				BuildIndependentTargetsInParallel = 1;
				LastSwiftUpdateCheck = 1330;
				LastUpgradeCheck = 1340;
				TargetAttributes = {
					24108EC8280A333200BD4CAB = {
						CreatedOnToolsVersion = 13.3;
					};
					24108EDD280A333500BD4CAB = {
						CreatedOnToolsVersion = 13.3;
						TestTargetID = 24108EC8280A333200BD4CAB;
					};
					24108EE7280A333500BD4CAB = {
						CreatedOnToolsVersion = 13.3;
						TestTargetID = 24108EC8280A333200BD4CAB;
					};
					2426E6AB283444E100C513AF = {
						CreatedOnToolsVersion = 13.3.1;
					};
					2426E6BB283444E200C513AF = {
						CreatedOnToolsVersion = 13.3.1;
						TestTargetID = 2426E6AB283444E100C513AF;
					};
					2426E6C5283444E200C513AF = {
						CreatedOnToolsVersion = 13.3.1;
						TestTargetID = 2426E6AB283444E100C513AF;
					};
					2426E6E5283447A900C513AF = {
						CreatedOnToolsVersion = 13.3.1;
					};
					2426E6F4283447AA00C513AF = {
						CreatedOnToolsVersion = 13.3.1;
						TestTargetID = 2426E6E5283447A900C513AF;
					};
					2426E6FE283447AA00C513AF = {
						CreatedOnToolsVersion = 13.3.1;
						TestTargetID = 2426E6E5283447A900C513AF;
					};
				};
			};
			buildConfigurationList = 24108EC4280A333200BD4CAB /* Build configuration list for PBXProject "iDomoticz" */;
			compatibilityVersion = "Xcode 13.0";
			developmentRegion = en;
			hasScannedForEncodings = 0;
			knownRegions = (
				en,
				Base,
			);
			mainGroup = 24108EC0280A333200BD4CAB;
			productRefGroup = 24108ECA280A333200BD4CAB /* Products */;
			projectDirPath = "";
			projectRoot = "";
			targets = (
				24108EC8280A333200BD4CAB /* tvDomoticz */,
				24108EDD280A333500BD4CAB /* iDomoticzTests */,
				24108EE7280A333500BD4CAB /* iDomoticzUITests */,
				2426E6AB283444E100C513AF /* macDomoticz */,
				2426E6BB283444E200C513AF /* iDomoticz-MacTests */,
				2426E6C5283444E200C513AF /* iDomoticz-MacUITests */,
				2426E6E5283447A900C513AF /* iOSDomoticz */,
				2426E6F4283447AA00C513AF /* iOSDomoticzTests */,
				2426E6FE283447AA00C513AF /* iOSDomoticzUITests */,
			);
		};
/* End PBXProject section */

/* Begin PBXResourcesBuildPhase section */
		24108EC7280A333200BD4CAB /* Resources */ = {
			isa = PBXResourcesBuildPhase;
			buildActionMask = 2147483647;
			files = (
				24AB9C91284798860043FDEA /* Common.xcassets in Resources */,
				24108ED4280A333500BD4CAB /* Preview Assets.xcassets in Resources */,
				2414C543282486480044F709 /* Settings.bundle in Resources */,
				24108ED1280A333500BD4CAB /* Assets.xcassets in Resources */,
			);
			runOnlyForDeploymentPostprocessing = 0;
		};
		24108EDC280A333500BD4CAB /* Resources */ = {
			isa = PBXResourcesBuildPhase;
			buildActionMask = 2147483647;
			files = (
			);
			runOnlyForDeploymentPostprocessing = 0;
		};
		24108EE6280A333500BD4CAB /* Resources */ = {
			isa = PBXResourcesBuildPhase;
			buildActionMask = 2147483647;
			files = (
			);
			runOnlyForDeploymentPostprocessing = 0;
		};
		2426E6AA283444E100C513AF /* Resources */ = {
			isa = PBXResourcesBuildPhase;
			buildActionMask = 2147483647;
			files = (
				24AB9C92284798860043FDEA /* Common.xcassets in Resources */,
				2426E6B6283444E200C513AF /* Preview Assets.xcassets in Resources */,
				2426E6B3283444E200C513AF /* Assets.xcassets in Resources */,
				249DF5F3283E902900D52F6E /* Settings.bundle in Resources */,
			);
			runOnlyForDeploymentPostprocessing = 0;
		};
		2426E6BA283444E200C513AF /* Resources */ = {
			isa = PBXResourcesBuildPhase;
			buildActionMask = 2147483647;
			files = (
			);
			runOnlyForDeploymentPostprocessing = 0;
		};
		2426E6C4283444E200C513AF /* Resources */ = {
			isa = PBXResourcesBuildPhase;
			buildActionMask = 2147483647;
			files = (
			);
			runOnlyForDeploymentPostprocessing = 0;
		};
		2426E6E4283447A900C513AF /* Resources */ = {
			isa = PBXResourcesBuildPhase;
			buildActionMask = 2147483647;
			files = (
				24AB9C93284798860043FDEA /* Common.xcassets in Resources */,
				2426E71B2834494D00C513AF /* Settings.bundle in Resources */,
				2426E6F0283447AA00C513AF /* Preview Assets.xcassets in Resources */,
				2426E6ED283447AA00C513AF /* Assets.xcassets in Resources */,
			);
			runOnlyForDeploymentPostprocessing = 0;
		};
		2426E6F3283447AA00C513AF /* Resources */ = {
			isa = PBXResourcesBuildPhase;
			buildActionMask = 2147483647;
			files = (
			);
			runOnlyForDeploymentPostprocessing = 0;
		};
		2426E6FD283447AA00C513AF /* Resources */ = {
			isa = PBXResourcesBuildPhase;
			buildActionMask = 2147483647;
			files = (
			);
			runOnlyForDeploymentPostprocessing = 0;
		};
/* End PBXResourcesBuildPhase section */

/* Begin PBXSourcesBuildPhase section */
		24108EC5280A333200BD4CAB /* Sources */ = {
			isa = PBXSourcesBuildPhase;
			buildActionMask = 2147483647;
			files = (
				24AB9C892844E5A40043FDEA /* TestView.swift in Sources */,
				2414C5412821E6F60044F709 /* FavoritesView.swift in Sources */,
				2414C536282081190044F709 /* MainView.swift in Sources */,
				24B58CC8285291C500A1F9E4 /* Settings.swift in Sources */,
				24108ED9280A333500BD4CAB /* iDomoticz.xcdatamodeld in Sources */,
				2414C53D2820959F0044F709 /* DomoticzData.swift in Sources */,
				24108ED6280A333500BD4CAB /* Persistence.swift in Sources */,
				241E496D280B6AE50018ED42 /* Scenes.swift in Sources */,
				2414C538282081D80044F709 /* RoomsView.swift in Sources */,
				24108ECF280A333200BD4CAB /* ScenesView.swift in Sources */,
				24F875532829C0E100B82D4C /* LightsView.swift in Sources */,
				2414C53F2821D0310044F709 /* Lights.swift in Sources */,
				24B58CC128526F3500A1F9E4 /* MQTT.swift in Sources */,
				2414C53A282092700044F709 /* Rooms.swift in Sources */,
				24108ECD280A333200BD4CAB /* iDomoticzApp.swift in Sources */,
				24AB9C8D284789A10043FDEA /* Common.swift in Sources */,
				24F87555282AF3DD00B82D4C /* SettingsView.swift in Sources */,
			);
			runOnlyForDeploymentPostprocessing = 0;
		};
		24108EDA280A333500BD4CAB /* Sources */ = {
			isa = PBXSourcesBuildPhase;
			buildActionMask = 2147483647;
			files = (
				24108EE3280A333500BD4CAB /* iDomoticzTests.swift in Sources */,
			);
			runOnlyForDeploymentPostprocessing = 0;
		};
		24108EE4280A333500BD4CAB /* Sources */ = {
			isa = PBXSourcesBuildPhase;
			buildActionMask = 2147483647;
			files = (
				24108EED280A333500BD4CAB /* iDomoticzUITests.swift in Sources */,
				24108EEF280A333500BD4CAB /* iDomoticzUITestsLaunchTests.swift in Sources */,
			);
			runOnlyForDeploymentPostprocessing = 0;
		};
		2426E6A8283444E100C513AF /* Sources */ = {
			isa = PBXSourcesBuildPhase;
			buildActionMask = 2147483647;
			files = (
				24AB9C8A2844E5A40043FDEA /* TestView.swift in Sources */,
				2426E6D82834470E00C513AF /* Rooms.swift in Sources */,
				24AB9C8E284789A10043FDEA /* Common.swift in Sources */,
				24B58CC228526F3500A1F9E4 /* MQTT.swift in Sources */,
				2426E6D92834470E00C513AF /* Scenes.swift in Sources */,
				2426E6DA2834470E00C513AF /* DomoticzData.swift in Sources */,
				2426E6DB2834470E00C513AF /* Lights.swift in Sources */,
				2426E6DC2834470E00C513AF /* ScenesView.swift in Sources */,
				2426E6DD2834470E00C513AF /* MainView.swift in Sources */,
				24B58CC9285291C500A1F9E4 /* Settings.swift in Sources */,
				2426E6DE2834470E00C513AF /* RoomsView.swift in Sources */,
				2426E6DF2834470E00C513AF /* FavoritesView.swift in Sources */,
				2426E6E02834470E00C513AF /* LightsView.swift in Sources */,
				2426E6E12834470E00C513AF /* SettingsView.swift in Sources */,
				2426E6D72834468F00C513AF /* iDomoticz_MacApp.swift in Sources */,
			);
			runOnlyForDeploymentPostprocessing = 0;
		};
		2426E6B8283444E200C513AF /* Sources */ = {
			isa = PBXSourcesBuildPhase;
			buildActionMask = 2147483647;
			files = (
				2426E6C1283444E200C513AF /* iDomoticz_MacTests.swift in Sources */,
			);
			runOnlyForDeploymentPostprocessing = 0;
		};
		2426E6C2283444E200C513AF /* Sources */ = {
			isa = PBXSourcesBuildPhase;
			buildActionMask = 2147483647;
			files = (
				2426E6CB283444E200C513AF /* iDomoticz_MacUITests.swift in Sources */,
				2426E6CD283444E200C513AF /* iDomoticz_MacUITestsLaunchTests.swift in Sources */,
			);
			runOnlyForDeploymentPostprocessing = 0;
		};
		2426E6E2283447A900C513AF /* Sources */ = {
			isa = PBXSourcesBuildPhase;
			buildActionMask = 2147483647;
			files = (
				24AB9C8B2844E5A40043FDEA /* TestView.swift in Sources */,
				2426E710283448C300C513AF /* Rooms.swift in Sources */,
				24AB9C8F284789A10043FDEA /* Common.swift in Sources */,
				24B58CC328526F3500A1F9E4 /* MQTT.swift in Sources */,
				2426E711283448C300C513AF /* Scenes.swift in Sources */,
				2426E712283448C300C513AF /* DomoticzData.swift in Sources */,
				2426E713283448C300C513AF /* Lights.swift in Sources */,
				2426E714283448C300C513AF /* ScenesView.swift in Sources */,
				2426E715283448C300C513AF /* MainView.swift in Sources */,
				24B58CCA285291C500A1F9E4 /* Settings.swift in Sources */,
				2426E716283448C300C513AF /* RoomsView.swift in Sources */,
				2426E717283448C300C513AF /* FavoritesView.swift in Sources */,
				2426E718283448C300C513AF /* LightsView.swift in Sources */,
				2426E71A283448C300C513AF /* SettingsView.swift in Sources */,
				2426E6E9283447AA00C513AF /* iOSDomoticzApp.swift in Sources */,
			);
			runOnlyForDeploymentPostprocessing = 0;
		};
		2426E6F1283447AA00C513AF /* Sources */ = {
			isa = PBXSourcesBuildPhase;
			buildActionMask = 2147483647;
			files = (
				2426E6FA283447AA00C513AF /* iOSDomoticzTests.swift in Sources */,
			);
			runOnlyForDeploymentPostprocessing = 0;
		};
		2426E6FB283447AA00C513AF /* Sources */ = {
			isa = PBXSourcesBuildPhase;
			buildActionMask = 2147483647;
			files = (
				2426E704283447AA00C513AF /* iOSDomoticzUITests.swift in Sources */,
				2426E706283447AA00C513AF /* iOSDomoticzUITestsLaunchTests.swift in Sources */,
			);
			runOnlyForDeploymentPostprocessing = 0;
		};
/* End PBXSourcesBuildPhase section */

/* Begin PBXTargetDependency section */
		24108EE0280A333500BD4CAB /* PBXTargetDependency */ = {
			isa = PBXTargetDependency;
			target = 24108EC8280A333200BD4CAB /* tvDomoticz */;
			targetProxy = 24108EDF280A333500BD4CAB /* PBXContainerItemProxy */;
		};
		24108EEA280A333500BD4CAB /* PBXTargetDependency */ = {
			isa = PBXTargetDependency;
			target = 24108EC8280A333200BD4CAB /* tvDomoticz */;
			targetProxy = 24108EE9280A333500BD4CAB /* PBXContainerItemProxy */;
		};
		2426E6BE283444E200C513AF /* PBXTargetDependency */ = {
			isa = PBXTargetDependency;
			target = 2426E6AB283444E100C513AF /* macDomoticz */;
			targetProxy = 2426E6BD283444E200C513AF /* PBXContainerItemProxy */;
		};
		2426E6C8283444E200C513AF /* PBXTargetDependency */ = {
			isa = PBXTargetDependency;
			target = 2426E6AB283444E100C513AF /* macDomoticz */;
			targetProxy = 2426E6C7283444E200C513AF /* PBXContainerItemProxy */;
		};
		2426E6F7283447AA00C513AF /* PBXTargetDependency */ = {
			isa = PBXTargetDependency;
			target = 2426E6E5283447A900C513AF /* iOSDomoticz */;
			targetProxy = 2426E6F6283447AA00C513AF /* PBXContainerItemProxy */;
		};
		2426E701283447AA00C513AF /* PBXTargetDependency */ = {
			isa = PBXTargetDependency;
			target = 2426E6E5283447A900C513AF /* iOSDomoticz */;
			targetProxy = 2426E700283447AA00C513AF /* PBXContainerItemProxy */;
		};
/* End PBXTargetDependency section */

/* Begin XCBuildConfiguration section */
		24108EF0280A333500BD4CAB /* Debug */ = {
			isa = XCBuildConfiguration;
			buildSettings = {
				ALWAYS_SEARCH_USER_PATHS = NO;
				CLANG_ANALYZER_NONNULL = YES;
				CLANG_ANALYZER_NUMBER_OBJECT_CONVERSION = YES_AGGRESSIVE;
				CLANG_CXX_LANGUAGE_STANDARD = "gnu++17";
				CLANG_ENABLE_MODULES = YES;
				CLANG_ENABLE_OBJC_ARC = YES;
				CLANG_ENABLE_OBJC_WEAK = YES;
				CLANG_WARN_BLOCK_CAPTURE_AUTORELEASING = YES;
				CLANG_WARN_BOOL_CONVERSION = YES;
				CLANG_WARN_COMMA = YES;
				CLANG_WARN_CONSTANT_CONVERSION = YES;
				CLANG_WARN_DEPRECATED_OBJC_IMPLEMENTATIONS = YES;
				CLANG_WARN_DIRECT_OBJC_ISA_USAGE = YES_ERROR;
				CLANG_WARN_DOCUMENTATION_COMMENTS = YES;
				CLANG_WARN_EMPTY_BODY = YES;
				CLANG_WARN_ENUM_CONVERSION = YES;
				CLANG_WARN_INFINITE_RECURSION = YES;
				CLANG_WARN_INT_CONVERSION = YES;
				CLANG_WARN_NON_LITERAL_NULL_CONVERSION = YES;
				CLANG_WARN_OBJC_IMPLICIT_RETAIN_SELF = YES;
				CLANG_WARN_OBJC_LITERAL_CONVERSION = YES;
				CLANG_WARN_OBJC_ROOT_CLASS = YES_ERROR;
				CLANG_WARN_QUOTED_INCLUDE_IN_FRAMEWORK_HEADER = YES;
				CLANG_WARN_RANGE_LOOP_ANALYSIS = YES;
				CLANG_WARN_STRICT_PROTOTYPES = YES;
				CLANG_WARN_SUSPICIOUS_MOVE = YES;
				CLANG_WARN_UNGUARDED_AVAILABILITY = YES_AGGRESSIVE;
				CLANG_WARN_UNREACHABLE_CODE = YES;
				CLANG_WARN__DUPLICATE_METHOD_MATCH = YES;
				COPY_PHASE_STRIP = NO;
				DEBUG_INFORMATION_FORMAT = dwarf;
				ENABLE_STRICT_OBJC_MSGSEND = YES;
				ENABLE_TESTABILITY = YES;
				GCC_C_LANGUAGE_STANDARD = gnu11;
				GCC_DYNAMIC_NO_PIC = NO;
				GCC_NO_COMMON_BLOCKS = YES;
				GCC_OPTIMIZATION_LEVEL = 0;
				GCC_PREPROCESSOR_DEFINITIONS = (
					"DEBUG=1",
					"$(inherited)",
				);
				GCC_WARN_64_TO_32_BIT_CONVERSION = YES;
				GCC_WARN_ABOUT_RETURN_TYPE = YES_ERROR;
				GCC_WARN_UNDECLARED_SELECTOR = YES;
				GCC_WARN_UNINITIALIZED_AUTOS = YES_AGGRESSIVE;
				GCC_WARN_UNUSED_FUNCTION = YES;
				GCC_WARN_UNUSED_VARIABLE = YES;
				MTL_ENABLE_DEBUG_INFO = INCLUDE_SOURCE;
				MTL_FAST_MATH = YES;
				ONLY_ACTIVE_ARCH = YES;
				SDKROOT = appletvos;
				SWIFT_ACTIVE_COMPILATION_CONDITIONS = DEBUG;
				SWIFT_OPTIMIZATION_LEVEL = "-Onone";
				TVOS_DEPLOYMENT_TARGET = 15.4;
			};
			name = Debug;
		};
		24108EF1280A333500BD4CAB /* Release */ = {
			isa = XCBuildConfiguration;
			buildSettings = {
				ALWAYS_SEARCH_USER_PATHS = NO;
				CLANG_ANALYZER_NONNULL = YES;
				CLANG_ANALYZER_NUMBER_OBJECT_CONVERSION = YES_AGGRESSIVE;
				CLANG_CXX_LANGUAGE_STANDARD = "gnu++17";
				CLANG_ENABLE_MODULES = YES;
				CLANG_ENABLE_OBJC_ARC = YES;
				CLANG_ENABLE_OBJC_WEAK = YES;
				CLANG_WARN_BLOCK_CAPTURE_AUTORELEASING = YES;
				CLANG_WARN_BOOL_CONVERSION = YES;
				CLANG_WARN_COMMA = YES;
				CLANG_WARN_CONSTANT_CONVERSION = YES;
				CLANG_WARN_DEPRECATED_OBJC_IMPLEMENTATIONS = YES;
				CLANG_WARN_DIRECT_OBJC_ISA_USAGE = YES_ERROR;
				CLANG_WARN_DOCUMENTATION_COMMENTS = YES;
				CLANG_WARN_EMPTY_BODY = YES;
				CLANG_WARN_ENUM_CONVERSION = YES;
				CLANG_WARN_INFINITE_RECURSION = YES;
				CLANG_WARN_INT_CONVERSION = YES;
				CLANG_WARN_NON_LITERAL_NULL_CONVERSION = YES;
				CLANG_WARN_OBJC_IMPLICIT_RETAIN_SELF = YES;
				CLANG_WARN_OBJC_LITERAL_CONVERSION = YES;
				CLANG_WARN_OBJC_ROOT_CLASS = YES_ERROR;
				CLANG_WARN_QUOTED_INCLUDE_IN_FRAMEWORK_HEADER = YES;
				CLANG_WARN_RANGE_LOOP_ANALYSIS = YES;
				CLANG_WARN_STRICT_PROTOTYPES = YES;
				CLANG_WARN_SUSPICIOUS_MOVE = YES;
				CLANG_WARN_UNGUARDED_AVAILABILITY = YES_AGGRESSIVE;
				CLANG_WARN_UNREACHABLE_CODE = YES;
				CLANG_WARN__DUPLICATE_METHOD_MATCH = YES;
				COPY_PHASE_STRIP = NO;
				DEBUG_INFORMATION_FORMAT = "dwarf-with-dsym";
				ENABLE_NS_ASSERTIONS = NO;
				ENABLE_STRICT_OBJC_MSGSEND = YES;
				GCC_C_LANGUAGE_STANDARD = gnu11;
				GCC_NO_COMMON_BLOCKS = YES;
				GCC_WARN_64_TO_32_BIT_CONVERSION = YES;
				GCC_WARN_ABOUT_RETURN_TYPE = YES_ERROR;
				GCC_WARN_UNDECLARED_SELECTOR = YES;
				GCC_WARN_UNINITIALIZED_AUTOS = YES_AGGRESSIVE;
				GCC_WARN_UNUSED_FUNCTION = YES;
				GCC_WARN_UNUSED_VARIABLE = YES;
				MTL_ENABLE_DEBUG_INFO = NO;
				MTL_FAST_MATH = YES;
				SDKROOT = appletvos;
				SWIFT_COMPILATION_MODE = wholemodule;
				SWIFT_OPTIMIZATION_LEVEL = "-O";
				TVOS_DEPLOYMENT_TARGET = 15.4;
				VALIDATE_PRODUCT = YES;
			};
			name = Release;
		};
		24108EF3280A333500BD4CAB /* Debug */ = {
			isa = XCBuildConfiguration;
			buildSettings = {
				ASSETCATALOG_COMPILER_APPICON_NAME = "App Icon & Top Shelf Image";
				ASSETCATALOG_COMPILER_GLOBAL_ACCENT_COLOR_NAME = AccentColor;
				CODE_SIGN_STYLE = Automatic;
				CURRENT_PROJECT_VERSION = 1;
				DEVELOPMENT_ASSET_PATHS = "\"iDomoticz/Preview Content\"";
				DEVELOPMENT_TEAM = 25299AR4XY;
				ENABLE_PREVIEWS = YES;
				GENERATE_INFOPLIST_FILE = YES;
				INFOPLIST_KEY_UILaunchScreen_Generation = YES;
				INFOPLIST_KEY_UIUserInterfaceStyle = Automatic;
				LD_RUNPATH_SEARCH_PATHS = (
					"$(inherited)",
					"@executable_path/Frameworks",
				);
				MARKETING_VERSION = 1.0;
				PRODUCT_BUNDLE_IDENTIFIER = ncd.iDomoticz;
				PRODUCT_NAME = "$(TARGET_NAME)";
				SWIFT_EMIT_LOC_STRINGS = YES;
				SWIFT_VERSION = 5.0;
				TARGETED_DEVICE_FAMILY = 3;
			};
			name = Debug;
		};
		24108EF4280A333500BD4CAB /* Release */ = {
			isa = XCBuildConfiguration;
			buildSettings = {
				ASSETCATALOG_COMPILER_APPICON_NAME = "App Icon & Top Shelf Image";
				ASSETCATALOG_COMPILER_GLOBAL_ACCENT_COLOR_NAME = AccentColor;
				CODE_SIGN_STYLE = Automatic;
				CURRENT_PROJECT_VERSION = 1;
				DEVELOPMENT_ASSET_PATHS = "\"iDomoticz/Preview Content\"";
				DEVELOPMENT_TEAM = 25299AR4XY;
				ENABLE_PREVIEWS = YES;
				GENERATE_INFOPLIST_FILE = YES;
				INFOPLIST_KEY_UILaunchScreen_Generation = YES;
				INFOPLIST_KEY_UIUserInterfaceStyle = Automatic;
				LD_RUNPATH_SEARCH_PATHS = (
					"$(inherited)",
					"@executable_path/Frameworks",
				);
				MARKETING_VERSION = 1.0;
				PRODUCT_BUNDLE_IDENTIFIER = ncd.iDomoticz;
				PRODUCT_NAME = "$(TARGET_NAME)";
				SWIFT_EMIT_LOC_STRINGS = YES;
				SWIFT_VERSION = 5.0;
				TARGETED_DEVICE_FAMILY = 3;
			};
			name = Release;
		};
		24108EF6280A333500BD4CAB /* Debug */ = {
			isa = XCBuildConfiguration;
			buildSettings = {
				ALWAYS_EMBED_SWIFT_STANDARD_LIBRARIES = YES;
				BUNDLE_LOADER = "$(TEST_HOST)";
				CODE_SIGN_STYLE = Automatic;
				CURRENT_PROJECT_VERSION = 1;
				DEVELOPMENT_TEAM = 25299AR4XY;
				GENERATE_INFOPLIST_FILE = YES;
				MARKETING_VERSION = 1.0;
				PRODUCT_BUNDLE_IDENTIFIER = ncd.iDomoticzTests;
				PRODUCT_NAME = "$(TARGET_NAME)";
				SWIFT_EMIT_LOC_STRINGS = NO;
				SWIFT_VERSION = 5.0;
				TARGETED_DEVICE_FAMILY = 3;
				TEST_HOST = "$(BUILT_PRODUCTS_DIR)/iDomoticz.app/iDomoticz";
				TVOS_DEPLOYMENT_TARGET = 15.4;
			};
			name = Debug;
		};
		24108EF7280A333500BD4CAB /* Release */ = {
			isa = XCBuildConfiguration;
			buildSettings = {
				ALWAYS_EMBED_SWIFT_STANDARD_LIBRARIES = YES;
				BUNDLE_LOADER = "$(TEST_HOST)";
				CODE_SIGN_STYLE = Automatic;
				CURRENT_PROJECT_VERSION = 1;
				DEVELOPMENT_TEAM = 25299AR4XY;
				GENERATE_INFOPLIST_FILE = YES;
				MARKETING_VERSION = 1.0;
				PRODUCT_BUNDLE_IDENTIFIER = ncd.iDomoticzTests;
				PRODUCT_NAME = "$(TARGET_NAME)";
				SWIFT_EMIT_LOC_STRINGS = NO;
				SWIFT_VERSION = 5.0;
				TARGETED_DEVICE_FAMILY = 3;
				TEST_HOST = "$(BUILT_PRODUCTS_DIR)/iDomoticz.app/iDomoticz";
				TVOS_DEPLOYMENT_TARGET = 15.4;
			};
			name = Release;
		};
		24108EF9280A333500BD4CAB /* Debug */ = {
			isa = XCBuildConfiguration;
			buildSettings = {
				ALWAYS_EMBED_SWIFT_STANDARD_LIBRARIES = YES;
				CODE_SIGN_STYLE = Automatic;
				CURRENT_PROJECT_VERSION = 1;
				DEVELOPMENT_TEAM = 25299AR4XY;
				GENERATE_INFOPLIST_FILE = YES;
				MARKETING_VERSION = 1.0;
				PRODUCT_BUNDLE_IDENTIFIER = ncd.iDomoticzUITests;
				PRODUCT_NAME = "$(TARGET_NAME)";
				SWIFT_EMIT_LOC_STRINGS = NO;
				SWIFT_VERSION = 5.0;
				TARGETED_DEVICE_FAMILY = 3;
				TEST_TARGET_NAME = iDomoticz;
			};
			name = Debug;
		};
		24108EFA280A333500BD4CAB /* Release */ = {
			isa = XCBuildConfiguration;
			buildSettings = {
				ALWAYS_EMBED_SWIFT_STANDARD_LIBRARIES = YES;
				CODE_SIGN_STYLE = Automatic;
				CURRENT_PROJECT_VERSION = 1;
				DEVELOPMENT_TEAM = 25299AR4XY;
				GENERATE_INFOPLIST_FILE = YES;
				MARKETING_VERSION = 1.0;
				PRODUCT_BUNDLE_IDENTIFIER = ncd.iDomoticzUITests;
				PRODUCT_NAME = "$(TARGET_NAME)";
				SWIFT_EMIT_LOC_STRINGS = NO;
				SWIFT_VERSION = 5.0;
				TARGETED_DEVICE_FAMILY = 3;
				TEST_TARGET_NAME = iDomoticz;
			};
			name = Release;
		};
		2426E6CF283444E200C513AF /* Debug */ = {
			isa = XCBuildConfiguration;
			buildSettings = {
				ASSETCATALOG_COMPILER_APPICON_NAME = AppIcon;
				ASSETCATALOG_COMPILER_GLOBAL_ACCENT_COLOR_NAME = AccentColor;
				CODE_SIGN_ENTITLEMENTS = macDomoticz/iDomoticz_Mac.entitlements;
				CODE_SIGN_IDENTITY = "-";
				CODE_SIGN_STYLE = Automatic;
				COMBINE_HIDPI_IMAGES = YES;
				CURRENT_PROJECT_VERSION = 1;
				DEVELOPMENT_TEAM = 25299AR4XY;
				ENABLE_HARDENED_RUNTIME = YES;
				ENABLE_PREVIEWS = YES;
				GENERATE_INFOPLIST_FILE = YES;
				INFOPLIST_KEY_NSHumanReadableCopyright = "";
				LD_RUNPATH_SEARCH_PATHS = (
					"$(inherited)",
					"@executable_path/../Frameworks",
				);
				MACOSX_DEPLOYMENT_TARGET = 12.3;
				MARKETING_VERSION = 1.0;
				PRODUCT_BUNDLE_IDENTIFIER = "ncd.iDomoticz-Mac";
				PRODUCT_NAME = "$(TARGET_NAME)";
				SDKROOT = macosx;
				SWIFT_EMIT_LOC_STRINGS = YES;
				SWIFT_VERSION = 5.0;
			};
			name = Debug;
		};
		2426E6D0283444E200C513AF /* Release */ = {
			isa = XCBuildConfiguration;
			buildSettings = {
				ASSETCATALOG_COMPILER_APPICON_NAME = AppIcon;
				ASSETCATALOG_COMPILER_GLOBAL_ACCENT_COLOR_NAME = AccentColor;
				CODE_SIGN_ENTITLEMENTS = macDomoticz/iDomoticz_Mac.entitlements;
				CODE_SIGN_IDENTITY = "-";
				CODE_SIGN_STYLE = Automatic;
				COMBINE_HIDPI_IMAGES = YES;
				CURRENT_PROJECT_VERSION = 1;
				DEVELOPMENT_TEAM = 25299AR4XY;
				ENABLE_HARDENED_RUNTIME = YES;
				ENABLE_PREVIEWS = YES;
				GENERATE_INFOPLIST_FILE = YES;
				INFOPLIST_KEY_NSHumanReadableCopyright = "";
				LD_RUNPATH_SEARCH_PATHS = (
					"$(inherited)",
					"@executable_path/../Frameworks",
				);
				MACOSX_DEPLOYMENT_TARGET = 12.3;
				MARKETING_VERSION = 1.0;
				PRODUCT_BUNDLE_IDENTIFIER = "ncd.iDomoticz-Mac";
				PRODUCT_NAME = "$(TARGET_NAME)";
				SDKROOT = macosx;
				SWIFT_EMIT_LOC_STRINGS = YES;
				SWIFT_VERSION = 5.0;
			};
			name = Release;
		};
		2426E6D2283444E200C513AF /* Debug */ = {
			isa = XCBuildConfiguration;
			buildSettings = {
				ALWAYS_EMBED_SWIFT_STANDARD_LIBRARIES = YES;
				BUNDLE_LOADER = "$(TEST_HOST)";
				CODE_SIGN_STYLE = Automatic;
				CURRENT_PROJECT_VERSION = 1;
				DEVELOPMENT_TEAM = 25299AR4XY;
				GENERATE_INFOPLIST_FILE = YES;
				MACOSX_DEPLOYMENT_TARGET = 12.3;
				MARKETING_VERSION = 1.0;
				PRODUCT_BUNDLE_IDENTIFIER = "ncd.iDomoticz-MacTests";
				PRODUCT_NAME = "$(TARGET_NAME)";
				SDKROOT = macosx;
				SWIFT_EMIT_LOC_STRINGS = NO;
				SWIFT_VERSION = 5.0;
				TEST_HOST = "$(BUILT_PRODUCTS_DIR)/iDomoticz-Mac.app/Contents/MacOS/iDomoticz-Mac";
			};
			name = Debug;
		};
		2426E6D3283444E200C513AF /* Release */ = {
			isa = XCBuildConfiguration;
			buildSettings = {
				ALWAYS_EMBED_SWIFT_STANDARD_LIBRARIES = YES;
				BUNDLE_LOADER = "$(TEST_HOST)";
				CODE_SIGN_STYLE = Automatic;
				CURRENT_PROJECT_VERSION = 1;
				DEVELOPMENT_TEAM = 25299AR4XY;
				GENERATE_INFOPLIST_FILE = YES;
				MACOSX_DEPLOYMENT_TARGET = 12.3;
				MARKETING_VERSION = 1.0;
				PRODUCT_BUNDLE_IDENTIFIER = "ncd.iDomoticz-MacTests";
				PRODUCT_NAME = "$(TARGET_NAME)";
				SDKROOT = macosx;
				SWIFT_EMIT_LOC_STRINGS = NO;
				SWIFT_VERSION = 5.0;
				TEST_HOST = "$(BUILT_PRODUCTS_DIR)/iDomoticz-Mac.app/Contents/MacOS/iDomoticz-Mac";
			};
			name = Release;
		};
		2426E6D5283444E200C513AF /* Debug */ = {
			isa = XCBuildConfiguration;
			buildSettings = {
				ALWAYS_EMBED_SWIFT_STANDARD_LIBRARIES = YES;
				CODE_SIGN_STYLE = Automatic;
				CURRENT_PROJECT_VERSION = 1;
				DEVELOPMENT_TEAM = 25299AR4XY;
				GENERATE_INFOPLIST_FILE = YES;
				MACOSX_DEPLOYMENT_TARGET = 12.3;
				MARKETING_VERSION = 1.0;
				PRODUCT_BUNDLE_IDENTIFIER = "ncd.iDomoticz-MacUITests";
				PRODUCT_NAME = "$(TARGET_NAME)";
				SDKROOT = macosx;
				SWIFT_EMIT_LOC_STRINGS = NO;
				SWIFT_VERSION = 5.0;
				TEST_TARGET_NAME = "iDomoticz-Mac";
			};
			name = Debug;
		};
		2426E6D6283444E200C513AF /* Release */ = {
			isa = XCBuildConfiguration;
			buildSettings = {
				ALWAYS_EMBED_SWIFT_STANDARD_LIBRARIES = YES;
				CODE_SIGN_STYLE = Automatic;
				CURRENT_PROJECT_VERSION = 1;
				DEVELOPMENT_TEAM = 25299AR4XY;
				GENERATE_INFOPLIST_FILE = YES;
				MACOSX_DEPLOYMENT_TARGET = 12.3;
				MARKETING_VERSION = 1.0;
				PRODUCT_BUNDLE_IDENTIFIER = "ncd.iDomoticz-MacUITests";
				PRODUCT_NAME = "$(TARGET_NAME)";
				SDKROOT = macosx;
				SWIFT_EMIT_LOC_STRINGS = NO;
				SWIFT_VERSION = 5.0;
				TEST_TARGET_NAME = "iDomoticz-Mac";
			};
			name = Release;
		};
		2426E708283447AA00C513AF /* Debug */ = {
			isa = XCBuildConfiguration;
			buildSettings = {
				ASSETCATALOG_COMPILER_APPICON_NAME = AppIcon;
				ASSETCATALOG_COMPILER_GLOBAL_ACCENT_COLOR_NAME = AccentColor;
				CODE_SIGN_STYLE = Automatic;
				CURRENT_PROJECT_VERSION = 1;
				DEVELOPMENT_ASSET_PATHS = "\"iOSDomoticz/Preview Content\"";
				DEVELOPMENT_TEAM = 25299AR4XY;
				ENABLE_PREVIEWS = YES;
				GENERATE_INFOPLIST_FILE = YES;
				INFOPLIST_KEY_UIApplicationSceneManifest_Generation = YES;
				INFOPLIST_KEY_UIApplicationSupportsIndirectInputEvents = YES;
				INFOPLIST_KEY_UILaunchScreen_Generation = YES;
				INFOPLIST_KEY_UISupportedInterfaceOrientations_iPad = "UIInterfaceOrientationPortrait UIInterfaceOrientationPortraitUpsideDown UIInterfaceOrientationLandscapeLeft UIInterfaceOrientationLandscapeRight";
				INFOPLIST_KEY_UISupportedInterfaceOrientations_iPhone = "UIInterfaceOrientationPortrait UIInterfaceOrientationLandscapeLeft UIInterfaceOrientationLandscapeRight";
				IPHONEOS_DEPLOYMENT_TARGET = 15.4;
				LD_RUNPATH_SEARCH_PATHS = (
					"$(inherited)",
					"@executable_path/Frameworks",
				);
				MARKETING_VERSION = 1.0;
				PRODUCT_BUNDLE_IDENTIFIER = ncd.iOSDomoticz;
				PRODUCT_NAME = "$(TARGET_NAME)";
				SDKROOT = iphoneos;
				SWIFT_EMIT_LOC_STRINGS = YES;
				SWIFT_VERSION = 5.0;
				TARGETED_DEVICE_FAMILY = "1,2";
			};
			name = Debug;
		};
		2426E709283447AA00C513AF /* Release */ = {
			isa = XCBuildConfiguration;
			buildSettings = {
				ASSETCATALOG_COMPILER_APPICON_NAME = AppIcon;
				ASSETCATALOG_COMPILER_GLOBAL_ACCENT_COLOR_NAME = AccentColor;
				CODE_SIGN_STYLE = Automatic;
				CURRENT_PROJECT_VERSION = 1;
				DEVELOPMENT_ASSET_PATHS = "\"iOSDomoticz/Preview Content\"";
				DEVELOPMENT_TEAM = 25299AR4XY;
				ENABLE_PREVIEWS = YES;
				GENERATE_INFOPLIST_FILE = YES;
				INFOPLIST_KEY_UIApplicationSceneManifest_Generation = YES;
				INFOPLIST_KEY_UIApplicationSupportsIndirectInputEvents = YES;
				INFOPLIST_KEY_UILaunchScreen_Generation = YES;
				INFOPLIST_KEY_UISupportedInterfaceOrientations_iPad = "UIInterfaceOrientationPortrait UIInterfaceOrientationPortraitUpsideDown UIInterfaceOrientationLandscapeLeft UIInterfaceOrientationLandscapeRight";
				INFOPLIST_KEY_UISupportedInterfaceOrientations_iPhone = "UIInterfaceOrientationPortrait UIInterfaceOrientationLandscapeLeft UIInterfaceOrientationLandscapeRight";
				IPHONEOS_DEPLOYMENT_TARGET = 15.4;
				LD_RUNPATH_SEARCH_PATHS = (
					"$(inherited)",
					"@executable_path/Frameworks",
				);
				MARKETING_VERSION = 1.0;
				PRODUCT_BUNDLE_IDENTIFIER = ncd.iOSDomoticz;
				PRODUCT_NAME = "$(TARGET_NAME)";
				SDKROOT = iphoneos;
				SWIFT_EMIT_LOC_STRINGS = YES;
				SWIFT_VERSION = 5.0;
				TARGETED_DEVICE_FAMILY = "1,2";
			};
			name = Release;
		};
		2426E70B283447AA00C513AF /* Debug */ = {
			isa = XCBuildConfiguration;
			buildSettings = {
				ALWAYS_EMBED_SWIFT_STANDARD_LIBRARIES = YES;
				BUNDLE_LOADER = "$(TEST_HOST)";
				CODE_SIGN_STYLE = Automatic;
				CURRENT_PROJECT_VERSION = 1;
				DEVELOPMENT_TEAM = 25299AR4XY;
				GENERATE_INFOPLIST_FILE = YES;
				IPHONEOS_DEPLOYMENT_TARGET = 15.4;
				MARKETING_VERSION = 1.0;
				PRODUCT_BUNDLE_IDENTIFIER = ncd.iOSDomoticzTests;
				PRODUCT_NAME = "$(TARGET_NAME)";
				SDKROOT = iphoneos;
				SWIFT_EMIT_LOC_STRINGS = NO;
				SWIFT_VERSION = 5.0;
				TARGETED_DEVICE_FAMILY = "1,2";
				TEST_HOST = "$(BUILT_PRODUCTS_DIR)/iOSDomoticz.app/iOSDomoticz";
			};
			name = Debug;
		};
		2426E70C283447AA00C513AF /* Release */ = {
			isa = XCBuildConfiguration;
			buildSettings = {
				ALWAYS_EMBED_SWIFT_STANDARD_LIBRARIES = YES;
				BUNDLE_LOADER = "$(TEST_HOST)";
				CODE_SIGN_STYLE = Automatic;
				CURRENT_PROJECT_VERSION = 1;
				DEVELOPMENT_TEAM = 25299AR4XY;
				GENERATE_INFOPLIST_FILE = YES;
				IPHONEOS_DEPLOYMENT_TARGET = 15.4;
				MARKETING_VERSION = 1.0;
				PRODUCT_BUNDLE_IDENTIFIER = ncd.iOSDomoticzTests;
				PRODUCT_NAME = "$(TARGET_NAME)";
				SDKROOT = iphoneos;
				SWIFT_EMIT_LOC_STRINGS = NO;
				SWIFT_VERSION = 5.0;
				TARGETED_DEVICE_FAMILY = "1,2";
				TEST_HOST = "$(BUILT_PRODUCTS_DIR)/iOSDomoticz.app/iOSDomoticz";
			};
			name = Release;
		};
		2426E70E283447AA00C513AF /* Debug */ = {
			isa = XCBuildConfiguration;
			buildSettings = {
				ALWAYS_EMBED_SWIFT_STANDARD_LIBRARIES = YES;
				CODE_SIGN_STYLE = Automatic;
				CURRENT_PROJECT_VERSION = 1;
				DEVELOPMENT_TEAM = 25299AR4XY;
				GENERATE_INFOPLIST_FILE = YES;
				IPHONEOS_DEPLOYMENT_TARGET = 15.4;
				MARKETING_VERSION = 1.0;
				PRODUCT_BUNDLE_IDENTIFIER = ncd.iOSDomoticzUITests;
				PRODUCT_NAME = "$(TARGET_NAME)";
				SDKROOT = iphoneos;
				SWIFT_EMIT_LOC_STRINGS = NO;
				SWIFT_VERSION = 5.0;
				TARGETED_DEVICE_FAMILY = "1,2";
				TEST_TARGET_NAME = iOSDomoticz;
			};
			name = Debug;
		};
		2426E70F283447AA00C513AF /* Release */ = {
			isa = XCBuildConfiguration;
			buildSettings = {
				ALWAYS_EMBED_SWIFT_STANDARD_LIBRARIES = YES;
				CODE_SIGN_STYLE = Automatic;
				CURRENT_PROJECT_VERSION = 1;
				DEVELOPMENT_TEAM = 25299AR4XY;
				GENERATE_INFOPLIST_FILE = YES;
				IPHONEOS_DEPLOYMENT_TARGET = 15.4;
				MARKETING_VERSION = 1.0;
				PRODUCT_BUNDLE_IDENTIFIER = ncd.iOSDomoticzUITests;
				PRODUCT_NAME = "$(TARGET_NAME)";
				SDKROOT = iphoneos;
				SWIFT_EMIT_LOC_STRINGS = NO;
				SWIFT_VERSION = 5.0;
				TARGETED_DEVICE_FAMILY = "1,2";
				TEST_TARGET_NAME = iOSDomoticz;
			};
			name = Release;
		};
/* End XCBuildConfiguration section */

/* Begin XCConfigurationList section */
		24108EC4280A333200BD4CAB /* Build configuration list for PBXProject "iDomoticz" */ = {
			isa = XCConfigurationList;
			buildConfigurations = (
				24108EF0280A333500BD4CAB /* Debug */,
				24108EF1280A333500BD4CAB /* Release */,
			);
			defaultConfigurationIsVisible = 0;
			defaultConfigurationName = Release;
		};
		24108EF2280A333500BD4CAB /* Build configuration list for PBXNativeTarget "tvDomoticz" */ = {
			isa = XCConfigurationList;
			buildConfigurations = (
				24108EF3280A333500BD4CAB /* Debug */,
				24108EF4280A333500BD4CAB /* Release */,
			);
			defaultConfigurationIsVisible = 0;
			defaultConfigurationName = Release;
		};
		24108EF5280A333500BD4CAB /* Build configuration list for PBXNativeTarget "iDomoticzTests" */ = {
			isa = XCConfigurationList;
			buildConfigurations = (
				24108EF6280A333500BD4CAB /* Debug */,
				24108EF7280A333500BD4CAB /* Release */,
			);
			defaultConfigurationIsVisible = 0;
			defaultConfigurationName = Release;
		};
		24108EF8280A333500BD4CAB /* Build configuration list for PBXNativeTarget "iDomoticzUITests" */ = {
			isa = XCConfigurationList;
			buildConfigurations = (
				24108EF9280A333500BD4CAB /* Debug */,
				24108EFA280A333500BD4CAB /* Release */,
			);
			defaultConfigurationIsVisible = 0;
			defaultConfigurationName = Release;
		};
		2426E6CE283444E200C513AF /* Build configuration list for PBXNativeTarget "macDomoticz" */ = {
			isa = XCConfigurationList;
			buildConfigurations = (
				2426E6CF283444E200C513AF /* Debug */,
				2426E6D0283444E200C513AF /* Release */,
			);
			defaultConfigurationIsVisible = 0;
			defaultConfigurationName = Release;
		};
		2426E6D1283444E200C513AF /* Build configuration list for PBXNativeTarget "iDomoticz-MacTests" */ = {
			isa = XCConfigurationList;
			buildConfigurations = (
				2426E6D2283444E200C513AF /* Debug */,
				2426E6D3283444E200C513AF /* Release */,
			);
			defaultConfigurationIsVisible = 0;
			defaultConfigurationName = Release;
		};
		2426E6D4283444E200C513AF /* Build configuration list for PBXNativeTarget "iDomoticz-MacUITests" */ = {
			isa = XCConfigurationList;
			buildConfigurations = (
				2426E6D5283444E200C513AF /* Debug */,
				2426E6D6283444E200C513AF /* Release */,
			);
			defaultConfigurationIsVisible = 0;
			defaultConfigurationName = Release;
		};
		2426E707283447AA00C513AF /* Build configuration list for PBXNativeTarget "iOSDomoticz" */ = {
			isa = XCConfigurationList;
			buildConfigurations = (
				2426E708283447AA00C513AF /* Debug */,
				2426E709283447AA00C513AF /* Release */,
			);
			defaultConfigurationIsVisible = 0;
			defaultConfigurationName = Release;
		};
		2426E70A283447AA00C513AF /* Build configuration list for PBXNativeTarget "iOSDomoticzTests" */ = {
			isa = XCConfigurationList;
			buildConfigurations = (
				2426E70B283447AA00C513AF /* Debug */,
				2426E70C283447AA00C513AF /* Release */,
			);
			defaultConfigurationIsVisible = 0;
			defaultConfigurationName = Release;
		};
		2426E70D283447AA00C513AF /* Build configuration list for PBXNativeTarget "iOSDomoticzUITests" */ = {
			isa = XCConfigurationList;
			buildConfigurations = (
				2426E70E283447AA00C513AF /* Debug */,
				2426E70F283447AA00C513AF /* Release */,
			);
			defaultConfigurationIsVisible = 0;
			defaultConfigurationName = Release;
		};
/* End XCConfigurationList section */

/* Begin XCSwiftPackageProductDependency section */
		24B103B928551EC60092F56C /* MQTTNIO */ = {
			isa = XCSwiftPackageProductDependency;
			productName = MQTTNIO;
		};
		24B58CC52852702200A1F9E4 /* MQTTNIO */ = {
			isa = XCSwiftPackageProductDependency;
			productName = MQTTNIO;
		};
/* End XCSwiftPackageProductDependency section */

/* Begin XCVersionGroup section */
		24108ED7280A333500BD4CAB /* iDomoticz.xcdatamodeld */ = {
			isa = XCVersionGroup;
			children = (
				24108ED8280A333500BD4CAB /* iDomoticz.xcdatamodel */,
			);
			currentVersion = 24108ED8280A333500BD4CAB /* iDomoticz.xcdatamodel */;
			path = iDomoticz.xcdatamodeld;
			sourceTree = "<group>";
			versionGroupType = wrapper.xcdatamodel;
		};
/* End XCVersionGroup section */
	};
	rootObject = 24108EC1280A333200BD4CAB /* Project object */;
}
